// !$*UTF8*$!
{
	archiveVersion = 1;
	classes = {
	};
	objectVersion = 50;
	objects = {

/* Begin PBXBuildFile section */
		6F5FA1FC23C3389300CD4DFD /* AppDelegate.swift in Sources */ = {isa = PBXBuildFile; fileRef = 6F5FA1FB23C3389300CD4DFD /* AppDelegate.swift */; };
		6F5FA1FE23C3389300CD4DFD /* SceneDelegate.swift in Sources */ = {isa = PBXBuildFile; fileRef = 6F5FA1FD23C3389300CD4DFD /* SceneDelegate.swift */; };
		6F5FA20023C3389300CD4DFD /* CalculatorView.swift in Sources */ = {isa = PBXBuildFile; fileRef = 6F5FA1FF23C3389300CD4DFD /* CalculatorView.swift */; };
		6F5FA20223C3389500CD4DFD /* Assets.xcassets in Resources */ = {isa = PBXBuildFile; fileRef = 6F5FA20123C3389500CD4DFD /* Assets.xcassets */; };
		6F5FA20523C3389500CD4DFD /* Preview Assets.xcassets in Resources */ = {isa = PBXBuildFile; fileRef = 6F5FA20423C3389500CD4DFD /* Preview Assets.xcassets */; };
		6F5FA20823C3389500CD4DFD /* LaunchScreen.storyboard in Resources */ = {isa = PBXBuildFile; fileRef = 6F5FA20623C3389500CD4DFD /* LaunchScreen.storyboard */; };
		6F5FA21023C338B300CD4DFD /* CalculatorButton_Enum.swift in Sources */ = {isa = PBXBuildFile; fileRef = 6F5FA20F23C338B300CD4DFD /* CalculatorButton_Enum.swift */; };
		6F5FA21223C338E100CD4DFD /* BackgroundColor_ColorExtension.swift in Sources */ = {isa = PBXBuildFile; fileRef = 6F5FA21123C338E100CD4DFD /* BackgroundColor_ColorExtension.swift */; };
		6F5FA21423C3394600CD4DFD /* CalculatorViewModel.swift in Sources */ = {isa = PBXBuildFile; fileRef = 6F5FA21323C3394600CD4DFD /* CalculatorViewModel.swift */; };
		6F5FA21623C3399300CD4DFD /* CalculatorButtonRow.swift in Sources */ = {isa = PBXBuildFile; fileRef = 6F5FA21523C3399300CD4DFD /* CalculatorButtonRow.swift */; };
/* End PBXBuildFile section */

/* Begin PBXFileReference section */
		6F5FA1F823C3389300CD4DFD /* CalculatorSwiftUI.app */ = {isa = PBXFileReference; explicitFileType = wrapper.application; includeInIndex = 0; path = CalculatorSwiftUI.app; sourceTree = BUILT_PRODUCTS_DIR; };
		6F5FA1FB23C3389300CD4DFD /* AppDelegate.swift */ = {isa = PBXFileReference; lastKnownFileType = sourcecode.swift; path = AppDelegate.swift; sourceTree = "<group>"; };
		6F5FA1FD23C3389300CD4DFD /* SceneDelegate.swift */ = {isa = PBXFileReference; lastKnownFileType = sourcecode.swift; path = SceneDelegate.swift; sourceTree = "<group>"; };
		6F5FA1FF23C3389300CD4DFD /* CalculatorView.swift */ = {isa = PBXFileReference; lastKnownFileType = sourcecode.swift; path = CalculatorView.swift; sourceTree = "<group>"; };
		6F5FA20123C3389500CD4DFD /* Assets.xcassets */ = {isa = PBXFileReference; lastKnownFileType = folder.assetcatalog; path = Assets.xcassets; sourceTree = "<group>"; };
		6F5FA20423C3389500CD4DFD /* Preview Assets.xcassets */ = {isa = PBXFileReference; lastKnownFileType = folder.assetcatalog; path = "Preview Assets.xcassets"; sourceTree = "<group>"; };
		6F5FA20723C3389500CD4DFD /* Base */ = {isa = PBXFileReference; lastKnownFileType = file.storyboard; name = Base; path = Base.lproj/LaunchScreen.storyboard; sourceTree = "<group>"; };
		6F5FA20923C3389500CD4DFD /* Info.plist */ = {isa = PBXFileReference; lastKnownFileType = text.plist.xml; path = Info.plist; sourceTree = "<group>"; };
		6F5FA20F23C338B300CD4DFD /* CalculatorButton_Enum.swift */ = {isa = PBXFileReference; lastKnownFileType = sourcecode.swift; path = CalculatorButton_Enum.swift; sourceTree = "<group>"; };
		6F5FA21123C338E100CD4DFD /* BackgroundColor_ColorExtension.swift */ = {isa = PBXFileReference; lastKnownFileType = sourcecode.swift; path = BackgroundColor_ColorExtension.swift; sourceTree = "<group>"; };
		6F5FA21323C3394600CD4DFD /* CalculatorViewModel.swift */ = {isa = PBXFileReference; lastKnownFileType = sourcecode.swift; path = CalculatorViewModel.swift; sourceTree = "<group>"; };
		6F5FA21523C3399300CD4DFD /* CalculatorButtonRow.swift */ = {isa = PBXFileReference; lastKnownFileType = sourcecode.swift; path = CalculatorButtonRow.swift; sourceTree = "<group>"; };
/* End PBXFileReference section */

/* Begin PBXFrameworksBuildPhase section */
		6F5FA1F523C3389300CD4DFD /* Frameworks */ = {
			isa = PBXFrameworksBuildPhase;
			buildActionMask = 2147483647;
			files = (
			);
			runOnlyForDeploymentPostprocessing = 0;
		};
/* End PBXFrameworksBuildPhase section */

/* Begin PBXGroup section */
		6F5FA1EF23C3389300CD4DFD = {
			isa = PBXGroup;
			children = (
				6F5FA1FA23C3389300CD4DFD /* CalculatorSwiftUI */,
				6F5FA1F923C3389300CD4DFD /* Products */,
			);
			sourceTree = "<group>";
		};
		6F5FA1F923C3389300CD4DFD /* Products */ = {
			isa = PBXGroup;
			children = (
				6F5FA1F823C3389300CD4DFD /* CalculatorSwiftUI.app */,
			);
			name = Products;
			sourceTree = "<group>";
		};
		6F5FA1FA23C3389300CD4DFD /* CalculatorSwiftUI */ = {
			isa = PBXGroup;
			children = (
				6F5FA1FB23C3389300CD4DFD /* AppDelegate.swift */,
				6F5FA1FD23C3389300CD4DFD /* SceneDelegate.swift */,
				6F5FA1FF23C3389300CD4DFD /* CalculatorView.swift */,
				6F5FA21523C3399300CD4DFD /* CalculatorButtonRow.swift */,
				6F5FA21123C338E100CD4DFD /* BackgroundColor_ColorExtension.swift */,
				6F5FA20F23C338B300CD4DFD /* CalculatorButton_Enum.swift */,
				6F5FA21323C3394600CD4DFD /* CalculatorViewModel.swift */,
				6F5FA20123C3389500CD4DFD /* Assets.xcassets */,
				6F5FA20623C3389500CD4DFD /* LaunchScreen.storyboard */,
				6F5FA20923C3389500CD4DFD /* Info.plist */,
				6F5FA20323C3389500CD4DFD /* Preview Content */,
			);
			path = CalculatorSwiftUI;
			sourceTree = "<group>";
		};
		6F5FA20323C3389500CD4DFD /* Preview Content */ = {
			isa = PBXGroup;
			children = (
				6F5FA20423C3389500CD4DFD /* Preview Assets.xcassets */,
			);
			path = "Preview Content";
			sourceTree = "<group>";
		};
/* End PBXGroup section */

/* Begin PBXNativeTarget section */
		6F5FA1F723C3389300CD4DFD /* CalculatorSwiftUI */ = {
			isa = PBXNativeTarget;
			buildConfigurationList = 6F5FA20C23C3389500CD4DFD /* Build configuration list for PBXNativeTarget "CalculatorSwiftUI" */;
			buildPhases = (
				6F5FA1F423C3389300CD4DFD /* Sources */,
				6F5FA1F523C3389300CD4DFD /* Frameworks */,
				6F5FA1F623C3389300CD4DFD /* Resources */,
			);
			buildRules = (
			);
			dependencies = (
			);
			name = CalculatorSwiftUI;
			productName = CalculatorSwiftUI;
			productReference = 6F5FA1F823C3389300CD4DFD /* CalculatorSwiftUI.app */;
			productType = "com.apple.product-type.application";
		};
/* End PBXNativeTarget section */

/* Begin PBXProject section */
		6F5FA1F023C3389300CD4DFD /* Project object */ = {
			isa = PBXProject;
			attributes = {
				LastSwiftUpdateCheck = 1120;
				LastUpgradeCheck = 1120;
				ORGANIZATIONNAME = "Alexander Römer";
				TargetAttributes = {
					6F5FA1F723C3389300CD4DFD = {
						CreatedOnToolsVersion = 11.2.1;
					};
				};
			};
			buildConfigurationList = 6F5FA1F323C3389300CD4DFD /* Build configuration list for PBXProject "CalculatorSwiftUI" */;
			compatibilityVersion = "Xcode 9.3";
			developmentRegion = en;
			hasScannedForEncodings = 0;
			knownRegions = (
				en,
				Base,
			);
			mainGroup = 6F5FA1EF23C3389300CD4DFD;
			productRefGroup = 6F5FA1F923C3389300CD4DFD /* Products */;
			projectDirPath = "";
			projectRoot = "";
			targets = (
				6F5FA1F723C3389300CD4DFD /* CalculatorSwiftUI */,
			);
		};
/* End PBXProject section */

/* Begin PBXResourcesBuildPhase section */
		6F5FA1F623C3389300CD4DFD /* Resources */ = {
			isa = PBXResourcesBuildPhase;
			buildActionMask = 2147483647;
			files = (
				6F5FA20823C3389500CD4DFD /* LaunchScreen.storyboard in Resources */,
				6F5FA20523C3389500CD4DFD /* Preview Assets.xcassets in Resources */,
				6F5FA20223C3389500CD4DFD /* Assets.xcassets in Resources */,
			);
			runOnlyForDeploymentPostprocessing = 0;
		};
/* End PBXResourcesBuildPhase section */

/* Begin PBXSourcesBuildPhase section */
		6F5FA1F423C3389300CD4DFD /* Sources */ = {
			isa = PBXSourcesBuildPhase;
			buildActionMask = 2147483647;
			files = (
				6F5FA21023C338B300CD4DFD /* CalculatorButton_Enum.swift in Sources */,
				6F5FA1FC23C3389300CD4DFD /* AppDelegate.swift in Sources */,
				6F5FA1FE23C3389300CD4DFD /* SceneDelegate.swift in Sources */,
				6F5FA20023C3389300CD4DFD /* CalculatorView.swift in Sources */,
				6F5FA21423C3394600CD4DFD /* CalculatorViewModel.swift in Sources */,
				6F5FA21623C3399300CD4DFD /* CalculatorButtonRow.swift in Sources */,
				6F5FA21223C338E100CD4DFD /* BackgroundColor_ColorExtension.swift in Sources */,
			);
			runOnlyForDeploymentPostprocessing = 0;
		};
/* End PBXSourcesBuildPhase section */

/* Begin PBXVariantGroup section */
		6F5FA20623C3389500CD4DFD /* LaunchScreen.storyboard */ = {
			isa = PBXVariantGroup;
			children = (
				6F5FA20723C3389500CD4DFD /* Base */,
			);
			name = LaunchScreen.storyboard;
			sourceTree = "<group>";
		};
/* End PBXVariantGroup section */

/* Begin XCBuildConfiguration section */
		6F5FA20A23C3389500CD4DFD /* Debug */ = {
			isa = XCBuildConfiguration;
			buildSettings = {
				ALWAYS_SEARCH_USER_PATHS = NO;
				CLANG_ANALYZER_NONNULL = YES;
				CLANG_ANALYZER_NUMBER_OBJECT_CONVERSION = YES_AGGRESSIVE;
				CLANG_CXX_LANGUAGE_STANDARD = "gnu++14";
				CLANG_CXX_LIBRARY = "libc++";
				CLANG_ENABLE_MODULES = YES;
				CLANG_ENABLE_OBJC_ARC = YES;
				CLANG_ENABLE_OBJC_WEAK = YES;
				CLANG_WARN_BLOCK_CAPTURE_AUTORELEASING = YES;
				CLANG_WARN_BOOL_CONVERSION = YES;
				CLANG_WARN_COMMA = YES;
				CLANG_WARN_CONSTANT_CONVERSION = YES;
				CLANG_WARN_DEPRECATED_OBJC_IMPLEMENTATIONS = YES;
				CLANG_WARN_DIRECT_OBJC_ISA_USAGE = YES_ERROR;
				CLANG_WARN_DOCUMENTATION_COMMENTS = YES;
				CLANG_WARN_EMPTY_BODY = YES;
				CLANG_WARN_ENUM_CONVERSION = YES;
				CLANG_WARN_INFINITE_RECURSION = YES;
				CLANG_WARN_INT_CONVERSION = YES;
				CLANG_WARN_NON_LITERAL_NULL_CONVERSION = YES;
				CLANG_WARN_OBJC_IMPLICIT_RETAIN_SELF = YES;
				CLANG_WARN_OBJC_LITERAL_CONVERSION = YES;
				CLANG_WARN_OBJC_ROOT_CLASS = YES_ERROR;
				CLANG_WARN_RANGE_LOOP_ANALYSIS = YES;
				CLANG_WARN_STRICT_PROTOTYPES = YES;
				CLANG_WARN_SUSPICIOUS_MOVE = YES;
				CLANG_WARN_UNGUARDED_AVAILABILITY = YES_AGGRESSIVE;
				CLANG_WARN_UNREACHABLE_CODE = YES;
				CLANG_WARN__DUPLICATE_METHOD_MATCH = YES;
				COPY_PHASE_STRIP = NO;
				DEBUG_INFORMATION_FORMAT = dwarf;
				ENABLE_STRICT_OBJC_MSGSEND = YES;
				ENABLE_TESTABILITY = YES;
				GCC_C_LANGUAGE_STANDARD = gnu11;
				GCC_DYNAMIC_NO_PIC = NO;
				GCC_NO_COMMON_BLOCKS = YES;
				GCC_OPTIMIZATION_LEVEL = 0;
				GCC_PREPROCESSOR_DEFINITIONS = (
					"DEBUG=1",
					"$(inherited)",
				);
				GCC_WARN_64_TO_32_BIT_CONVERSION = YES;
				GCC_WARN_ABOUT_RETURN_TYPE = YES_ERROR;
				GCC_WARN_UNDECLARED_SELECTOR = YES;
				GCC_WARN_UNINITIALIZED_AUTOS = YES_AGGRESSIVE;
				GCC_WARN_UNUSED_FUNCTION = YES;
				GCC_WARN_UNUSED_VARIABLE = YES;
				IPHONEOS_DEPLOYMENT_TARGET = 13.2;
				MTL_ENABLE_DEBUG_INFO = INCLUDE_SOURCE;
				MTL_FAST_MATH = YES;
				ONLY_ACTIVE_ARCH = YES;
				SDKROOT = iphoneos;
				SWIFT_ACTIVE_COMPILATION_CONDITIONS = DEBUG;
				SWIFT_OPTIMIZATION_LEVEL = "-Onone";
			};
			name = Debug;
		};
		6F5FA20B23C3389500CD4DFD /* Release */ = {
			isa = XCBuildConfiguration;
			buildSettings = {
				ALWAYS_SEARCH_USER_PATHS = NO;
				CLANG_ANALYZER_NONNULL = YES;
				CLANG_ANALYZER_NUMBER_OBJECT_CONVERSION = YES_AGGRESSIVE;
				CLANG_CXX_LANGUAGE_STANDARD = "gnu++14";
				CLANG_CXX_LIBRARY = "libc++";
				CLANG_ENABLE_MODULES = YES;
				CLANG_ENABLE_OBJC_ARC = YES;
				CLANG_ENABLE_OBJC_WEAK = YES;
				CLANG_WARN_BLOCK_CAPTURE_AUTORELEASING = YES;
				CLANG_WARN_BOOL_CONVERSION = YES;
				CLANG_WARN_COMMA = YES;
				CLANG_WARN_CONSTANT_CONVERSION = YES;
				CLANG_WARN_DEPRECATED_OBJC_IMPLEMENTATIONS = YES;
				CLANG_WARN_DIRECT_OBJC_ISA_USAGE = YES_ERROR;
				CLANG_WARN_DOCUMENTATION_COMMENTS = YES;
				CLANG_WARN_EMPTY_BODY = YES;
				CLANG_WARN_ENUM_CONVERSION = YES;
				CLANG_WARN_INFINITE_RECURSION = YES;
				CLANG_WARN_INT_CONVERSION = YES;
				CLANG_WARN_NON_LITERAL_NULL_CONVERSION = YES;
				CLANG_WARN_OBJC_IMPLICIT_RETAIN_SELF = YES;
				CLANG_WARN_OBJC_LITERAL_CONVERSION = YES;
				CLANG_WARN_OBJC_ROOT_CLASS = YES_ERROR;
				CLANG_WARN_RANGE_LOOP_ANALYSIS = YES;
				CLANG_WARN_STRICT_PROTOTYPES = YES;
				CLANG_WARN_SUSPICIOUS_MOVE = YES;
				CLANG_WARN_UNGUARDED_AVAILABILITY = YES_AGGRESSIVE;
				CLANG_WARN_UNREACHABLE_CODE = YES;
				CLANG_WARN__DUPLICATE_METHOD_MATCH = YES;
				COPY_PHASE_STRIP = NO;
				DEBUG_INFORMATION_FORMAT = "dwarf-with-dsym";
				ENABLE_NS_ASSERTIONS = NO;
				ENABLE_STRICT_OBJC_MSGSEND = YES;
				GCC_C_LANGUAGE_STANDARD = gnu11;
				GCC_NO_COMMON_BLOCKS = YES;
				GCC_WARN_64_TO_32_BIT_CONVERSION = YES;
				GCC_WARN_ABOUT_RETURN_TYPE = YES_ERROR;
				GCC_WARN_UNDECLARED_SELECTOR = YES;
				GCC_WARN_UNINITIALIZED_AUTOS = YES_AGGRESSIVE;
				GCC_WARN_UNUSED_FUNCTION = YES;
				GCC_WARN_UNUSED_VARIABLE = YES;
				IPHONEOS_DEPLOYMENT_TARGET = 13.2;
				MTL_ENABLE_DEBUG_INFO = NO;
				MTL_FAST_MATH = YES;
				SDKROOT = iphoneos;
				SWIFT_COMPILATION_MODE = wholemodule;
				SWIFT_OPTIMIZATION_LEVEL = "-O";
				VALIDATE_PRODUCT = YES;
			};
			name = Release;
		};
		6F5FA20D23C3389500CD4DFD /* Debug */ = {
			isa = XCBuildConfiguration;
			buildSettings = {
				ASSETCATALOG_COMPILER_APPICON_NAME = AppIcon;
				CODE_SIGN_STYLE = Automatic;
				DEVELOPMENT_ASSET_PATHS = "\"CalculatorSwiftUI/Preview Content\"";
				DEVELOPMENT_TEAM = SGAHDZJZ9E;
				ENABLE_PREVIEWS = YES;
				INFOPLIST_FILE = CalculatorSwiftUI/Info.plist;
				LD_RUNPATH_SEARCH_PATHS = (
					"$(inherited)",
					"@executable_path/Frameworks",
				);
				PRODUCT_BUNDLE_IDENTIFIER = design.roemer.CalculatorSwiftUI;
				PRODUCT_NAME = "$(TARGET_NAME)";
				SWIFT_VERSION = 5.0;
				TARGETED_DEVICE_FAMILY = "1,2";
			};
			name = Debug;
		};
		6F5FA20E23C3389500CD4DFD /* Release */ = {
			isa = XCBuildConfiguration;
			buildSettings = {
				ASSETCATALOG_COMPILER_APPICON_NAME = AppIcon;
				CODE_SIGN_STYLE = Automatic;
				DEVELOPMENT_ASSET_PATHS = "\"CalculatorSwiftUI/Preview Content\"";
				DEVELOPMENT_TEAM = SGAHDZJZ9E;
				ENABLE_PREVIEWS = YES;
				INFOPLIST_FILE = CalculatorSwiftUI/Info.plist;
				LD_RUNPATH_SEARCH_PATHS = (
					"$(inherited)",
					"@executable_path/Frameworks",
				);
				PRODUCT_BUNDLE_IDENTIFIER = design.roemer.CalculatorSwiftUI;
				PRODUCT_NAME = "$(TARGET_NAME)";
				SWIFT_VERSION = 5.0;
				TARGETED_DEVICE_FAMILY = "1,2";
			};
			name = Release;
		};
/* End XCBuildConfiguration section */

/* Begin XCConfigurationList section */
		6F5FA1F323C3389300CD4DFD /* Build configuration list for PBXProject "CalculatorSwiftUI" */ = {
			isa = XCConfigurationList;
			buildConfigurations = (
				6F5FA20A23C3389500CD4DFD /* Debug */,
				6F5FA20B23C3389500CD4DFD /* Release */,
			);
			defaultConfigurationIsVisible = 0;
			defaultConfigurationName = Release;
		};
		6F5FA20C23C3389500CD4DFD /* Build configuration list for PBXNativeTarget "CalculatorSwiftUI" */ = {
			isa = XCConfigurationList;
			buildConfigurations = (
				6F5FA20D23C3389500CD4DFD /* Debug */,
				6F5FA20E23C3389500CD4DFD /* Release */,
			);
			defaultConfigurationIsVisible = 0;
			defaultConfigurationName = Release;
		};
/* End XCConfigurationList section */
	};
	rootObject = 6F5FA1F023C3389300CD4DFD /* Project object */;
}
